
Microsoft Visual Studio Solution File, Format Version 12.00
# Visual Studio Version 17
VisualStudioVersion = 17.6.33712.159
MinimumVisualStudioVersion = 10.0.40219.1
Project("{9A19103F-16F7-4668-BE54-9A1E7A4F7556}") = "Dotnet", "Dotnet.csproj", "{0F2CC690-92B0-4EB6-80DE-6AB829457042}"
EndProject
Global
	GlobalSection(SolutionConfigurationPlatforms) = preSolution
		Debug|Any CPU = Debug|Any CPU
		Release|Any CPU = Release|Any CPU
	EndGlobalSection
	GlobalSection(ProjectConfigurationPlatforms) = postSolution
		{0F2CC690-92B0-4EB6-80DE-6AB829457042}.Debug|Any CPU.ActiveCfg = Debug|Any CPU
		{0F2CC690-92B0-4EB6-80DE-6AB829457042}.Debug|Any CPU.Build.0 = Debug|Any CPU
		{0F2CC690-92B0-4EB6-80DE-6AB829457042}.Release|Any CPU.ActiveCfg = Release|Any CPU
		{0F2CC690-92B0-4EB6-80DE-6AB829457042}.Release|Any CPU.Build.0 = Release|Any CPU
	EndGlobalSection
	GlobalSection(SolutionProperties) = preSolution
		HideSolutionNode = FALSE
	EndGlobalSection
	GlobalSection(ExtensibilityGlobals) = postSolution
		SolutionGuid = {5162BF21-4EE1-4B29-99CE-790D52E5A76E}
	EndGlobalSection
EndGlobal
